{
  "name": "assets",
  "lockfileVersion": 3,
  "requires": true,
  "packages": {
    "": {
      "dependencies": {
        "topbar": "^2.0"
      }
    },
    "node_modules/topbar": {
      "version": "2.0.2",
      "resolved": "https://registry.npmjs.org/topbar/-/topbar-2.0.2.tgz",
      "integrity": "sha512-hCKoSaWxXqGIgjag8rIVajysE41as7ti5z9GDO5rcx2zmII1/rY5zvO9IgKwbf50HL82EzlimL6OmPYPUgbpEw=="
    }
  }
}
